PODS:
  - GoogleMaps (2.1.1):
    - GoogleMaps/Maps (= 2.1.1)
  - GoogleMaps/Base (2.1.1)
  - GoogleMaps/Maps (2.1.1):
    - GoogleMaps/Base
  - GooglePlacePicker (2.1.1):
    - GoogleMaps (= 2.1.1)
    - GooglePlaces (= 2.1.1)
  - GooglePlaces (2.1.1):
    - GoogleMaps/Base (= 2.1.1)
  - pop (1.0.9)

DEPENDENCIES:
  - GoogleMaps
  - GooglePlacePicker
  - GooglePlaces
  - pop

SPEC CHECKSUMS:
  GoogleMaps: a5b5bbe47734e2443bde781a6aa64e69fdb6d785
  GooglePlacePicker: 665f39f931f2df32f9dd3fcc45f7e8abf71e535c
  GooglePlaces: 35636d86e5020cba3856eb988c09a5491de0a65a
  pop: f667631a5108a2e60d9e8797c9b32ddaf2080bce

PODFILE CHECKSUM: ecda03d637be9d057cb6c3f5325a4c68e1a87291

COCOAPODS: 1.2.0
