// !$*UTF8*$!
{
	archiveVersion = 1;
	classes = {
	};
	objectVersion = 46;
	objects = {

/* Begin PBXBuildFile section */
		2B2A68EE97CBE0B30E74BF07 /* Pods_What_s_Bumpin_.framework in Frameworks */ = {isa = PBXBuildFile; fileRef = 2F25E83F9814DAE766B91F6C /* Pods_What_s_Bumpin_.framework */; };
		33CFEEC52835C167E4A6CE68 /* Pods_What_s_Bumpin_UITests.framework in Frameworks */ = {isa = PBXBuildFile; fileRef = 48B70C85B7157927B578B7A8 /* Pods_What_s_Bumpin_UITests.framework */; };
		33D8D8F2F765DE5FA5799025 /* Pods_What_s_Bumpin_Tests.framework in Frameworks */ = {isa = PBXBuildFile; fileRef = C63200AC6E1457C63BFB1DA3 /* Pods_What_s_Bumpin_Tests.framework */; };
		343286D769FD4ABA113B5BBD /* Pods_WhatsBumpinUITests.framework in Frameworks */ = {isa = PBXBuildFile; fileRef = D6C05856A88D9A0D4CDA3E8A /* Pods_WhatsBumpinUITests.framework */; };
		A6CC3446DD5C9D9FE1A738B2 /* Pods_WhatsBumpinTests.framework in Frameworks */ = {isa = PBXBuildFile; fileRef = 32A421222F8D1DC5F1562418 /* Pods_WhatsBumpinTests.framework */; };
		D0331A311E89D60B004CA5C1 /* FilterView.xib in Resources */ = {isa = PBXBuildFile; fileRef = D0331A301E89D60B004CA5C1 /* FilterView.xib */; };
		D0A6CBAD1E513F58001F7964 /* What_s_Bumpin_Tests.m in Sources */ = {isa = PBXBuildFile; fileRef = D0A6CBAC1E513F58001F7964 /* What_s_Bumpin_Tests.m */; };
		D0A6CBB81E513F58001F7964 /* What_s_Bumpin_UITests.m in Sources */ = {isa = PBXBuildFile; fileRef = D0A6CBB71E513F58001F7964 /* What_s_Bumpin_UITests.m */; };
		D0AF02731E80BD3800C54D89 /* LocationGraphViewController.m in Sources */ = {isa = PBXBuildFile; fileRef = D0AF02721E80BD3800C54D89 /* LocationGraphViewController.m */; };
		D0E4C44B1E6268B2000960B3 /* Assets.xcassets in Resources */ = {isa = PBXBuildFile; fileRef = D0E4C4211E6268B2000960B3 /* Assets.xcassets */; };
		D0E4C44C1E6268B2000960B3 /* LaunchScreen.storyboard in Resources */ = {isa = PBXBuildFile; fileRef = D0E4C4221E6268B2000960B3 /* LaunchScreen.storyboard */; };
		D0E4C44D1E6268B2000960B3 /* AppDelegate.m in Sources */ = {isa = PBXBuildFile; fileRef = D0E4C4281E6268B2000960B3 /* AppDelegate.m */; };
		D0E4C44E1E6268B2000960B3 /* DesignableButton.swift in Sources */ = {isa = PBXBuildFile; fileRef = D0E4C42A1E6268B2000960B3 /* DesignableButton.swift */; };
		D0E4C44F1E6268B2000960B3 /* Spring.swift in Sources */ = {isa = PBXBuildFile; fileRef = D0E4C42B1E6268B2000960B3 /* Spring.swift */; };
		D0E4C4501E6268B2000960B3 /* SpringAnimation.swift in Sources */ = {isa = PBXBuildFile; fileRef = D0E4C42C1E6268B2000960B3 /* SpringAnimation.swift */; };
		D0E4C4511E6268B2000960B3 /* SpringButton.swift in Sources */ = {isa = PBXBuildFile; fileRef = D0E4C42D1E6268B2000960B3 /* SpringButton.swift */; };
		D0E4C4521E6268B2000960B3 /* WYMaterialButton.swift in Sources */ = {isa = PBXBuildFile; fileRef = D0E4C42E1E6268B2000960B3 /* WYMaterialButton.swift */; };
		D0E4C4531E6268B2000960B3 /* Bump.m in Sources */ = {isa = PBXBuildFile; fileRef = D0E4C4331E6268B2000960B3 /* Bump.m */; };
		D0E4C4541E6268B2000960B3 /* Location.m in Sources */ = {isa = PBXBuildFile; fileRef = D0E4C4351E6268B2000960B3 /* Location.m */; };
		D0E4C4551E6268B2000960B3 /* Message.m in Sources */ = {isa = PBXBuildFile; fileRef = D0E4C4371E6268B2000960B3 /* Message.m */; };
		D0E4C4561E6268B2000960B3 /* MessageBoard.m in Sources */ = {isa = PBXBuildFile; fileRef = D0E4C4391E6268B2000960B3 /* MessageBoard.m */; };
		D0E4C4571E6268B2000960B3 /* User.m in Sources */ = {isa = PBXBuildFile; fileRef = D0E4C43B1E6268B2000960B3 /* User.m */; };
		D0E4C4581E6268B2000960B3 /* HomeViewController.m in Sources */ = {isa = PBXBuildFile; fileRef = D0E4C43E1E6268B2000960B3 /* HomeViewController.m */; };
		D0E4C4591E6268B2000960B3 /* LocationInformationViewController.m in Sources */ = {isa = PBXBuildFile; fileRef = D0E4C4401E6268B2000960B3 /* LocationInformationViewController.m */; };
		D0E4C45A1E6268B2000960B3 /* MapViewController.m in Sources */ = {isa = PBXBuildFile; fileRef = D0E4C4421E6268B2000960B3 /* MapViewController.m */; };
		D0E4C45B1E6268B2000960B3 /* WBTabViewController.m in Sources */ = {isa = PBXBuildFile; fileRef = D0E4C4441E6268B2000960B3 /* WBTabViewController.m */; };
		D0E4C45C1E6268B2000960B3 /* Info.plist in Resources */ = {isa = PBXBuildFile; fileRef = D0E4C4451E6268B2000960B3 /* Info.plist */; };
		D0E4C45D1E6268B2000960B3 /* main.m in Sources */ = {isa = PBXBuildFile; fileRef = D0E4C4461E6268B2000960B3 /* main.m */; };
		D0E4C45E1E6268B2000960B3 /* Global.storyboard in Resources */ = {isa = PBXBuildFile; fileRef = D0E4C4481E6268B2000960B3 /* Global.storyboard */; };
		D0E4C45F1E6268B2000960B3 /* Me.storyboard in Resources */ = {isa = PBXBuildFile; fileRef = D0E4C4491E6268B2000960B3 /* Me.storyboard */; };
		D0E4C4601E6268B2000960B3 /* Tabs.storyboard in Resources */ = {isa = PBXBuildFile; fileRef = D0E4C44A1E6268B2000960B3 /* Tabs.storyboard */; };
		D2B4AE99AE652ECEF09FA64A /* Pods_WhatsBumpin.framework in Frameworks */ = {isa = PBXBuildFile; fileRef = A782E94C543F02F6927C66D7 /* Pods_WhatsBumpin.framework */; };
/* End PBXBuildFile section */

/* Begin PBXContainerItemProxy section */
		D0A6CBA91E513F58001F7964 /* PBXContainerItemProxy */ = {
			isa = PBXContainerItemProxy;
			containerPortal = D0A6CB841E513F57001F7964 /* Project object */;
			proxyType = 1;
			remoteGlobalIDString = D0A6CB8B1E513F57001F7964;
			remoteInfo = "What's Bumpin'";
		};
		D0A6CBB41E513F58001F7964 /* PBXContainerItemProxy */ = {
			isa = PBXContainerItemProxy;
			containerPortal = D0A6CB841E513F57001F7964 /* Project object */;
			proxyType = 1;
			remoteGlobalIDString = D0A6CB8B1E513F57001F7964;
			remoteInfo = "What's Bumpin'";
		};
/* End PBXContainerItemProxy section */

/* Begin PBXFileReference section */
		0C6573DE8C6992218AA59030 /* Pods-What's Bumpin'Tests.release.xcconfig */ = {isa = PBXFileReference; includeInIndex = 1; lastKnownFileType = text.xcconfig; name = "Pods-What's Bumpin'Tests.release.xcconfig"; path = "Pods/Target Support Files/Pods-What's Bumpin'Tests/Pods-What's Bumpin'Tests.release.xcconfig"; sourceTree = "<group>"; };
		0CB84C7367248F92D6ABB1F2 /* Pods-WhatsBumpin.release.xcconfig */ = {isa = PBXFileReference; includeInIndex = 1; lastKnownFileType = text.xcconfig; name = "Pods-WhatsBumpin.release.xcconfig"; path = "Pods/Target Support Files/Pods-WhatsBumpin/Pods-WhatsBumpin.release.xcconfig"; sourceTree = "<group>"; };
		2F25E83F9814DAE766B91F6C /* Pods_What_s_Bumpin_.framework */ = {isa = PBXFileReference; explicitFileType = wrapper.framework; includeInIndex = 0; path = Pods_What_s_Bumpin_.framework; sourceTree = BUILT_PRODUCTS_DIR; };
		32A421222F8D1DC5F1562418 /* Pods_WhatsBumpinTests.framework */ = {isa = PBXFileReference; explicitFileType = wrapper.framework; includeInIndex = 0; path = Pods_WhatsBumpinTests.framework; sourceTree = BUILT_PRODUCTS_DIR; };
		37C3694478A0B7E201593B91 /* Pods-WhatsBumpinUITests.debug.xcconfig */ = {isa = PBXFileReference; includeInIndex = 1; lastKnownFileType = text.xcconfig; name = "Pods-WhatsBumpinUITests.debug.xcconfig"; path = "Pods/Target Support Files/Pods-WhatsBumpinUITests/Pods-WhatsBumpinUITests.debug.xcconfig"; sourceTree = "<group>"; };
		48B70C85B7157927B578B7A8 /* Pods_What_s_Bumpin_UITests.framework */ = {isa = PBXFileReference; explicitFileType = wrapper.framework; includeInIndex = 0; path = Pods_What_s_Bumpin_UITests.framework; sourceTree = BUILT_PRODUCTS_DIR; };
		63E947445C9169C5182E2939 /* Pods-What's Bumpin'UITests.release.xcconfig */ = {isa = PBXFileReference; includeInIndex = 1; lastKnownFileType = text.xcconfig; name = "Pods-What's Bumpin'UITests.release.xcconfig"; path = "Pods/Target Support Files/Pods-What's Bumpin'UITests/Pods-What's Bumpin'UITests.release.xcconfig"; sourceTree = "<group>"; };
		6FA02A785B426B8984E3A2AA /* Pods-What's Bumpin'.debug.xcconfig */ = {isa = PBXFileReference; includeInIndex = 1; lastKnownFileType = text.xcconfig; name = "Pods-What's Bumpin'.debug.xcconfig"; path = "Pods/Target Support Files/Pods-What's Bumpin'/Pods-What's Bumpin'.debug.xcconfig"; sourceTree = "<group>"; };
		7CDCA892B400891CFF45C34A /* Pods-WhatsBumpin.debug.xcconfig */ = {isa = PBXFileReference; includeInIndex = 1; lastKnownFileType = text.xcconfig; name = "Pods-WhatsBumpin.debug.xcconfig"; path = "Pods/Target Support Files/Pods-WhatsBumpin/Pods-WhatsBumpin.debug.xcconfig"; sourceTree = "<group>"; };
		810ADA41F3B5BCF4A2DF8D92 /* Pods-What's Bumpin'Tests.debug.xcconfig */ = {isa = PBXFileReference; includeInIndex = 1; lastKnownFileType = text.xcconfig; name = "Pods-What's Bumpin'Tests.debug.xcconfig"; path = "Pods/Target Support Files/Pods-What's Bumpin'Tests/Pods-What's Bumpin'Tests.debug.xcconfig"; sourceTree = "<group>"; };
		9C9AB1A4A00A7627A038F379 /* Pods-WhatsBumpinTests.release.xcconfig */ = {isa = PBXFileReference; includeInIndex = 1; lastKnownFileType = text.xcconfig; name = "Pods-WhatsBumpinTests.release.xcconfig"; path = "Pods/Target Support Files/Pods-WhatsBumpinTests/Pods-WhatsBumpinTests.release.xcconfig"; sourceTree = "<group>"; };
		A782E94C543F02F6927C66D7 /* Pods_WhatsBumpin.framework */ = {isa = PBXFileReference; explicitFileType = wrapper.framework; includeInIndex = 0; path = Pods_WhatsBumpin.framework; sourceTree = BUILT_PRODUCTS_DIR; };
		AB83E6147980ADFE363F5921 /* Pods-WhatsBumpinUITests.release.xcconfig */ = {isa = PBXFileReference; includeInIndex = 1; lastKnownFileType = text.xcconfig; name = "Pods-WhatsBumpinUITests.release.xcconfig"; path = "Pods/Target Support Files/Pods-WhatsBumpinUITests/Pods-WhatsBumpinUITests.release.xcconfig"; sourceTree = "<group>"; };
		C63200AC6E1457C63BFB1DA3 /* Pods_What_s_Bumpin_Tests.framework */ = {isa = PBXFileReference; explicitFileType = wrapper.framework; includeInIndex = 0; path = Pods_What_s_Bumpin_Tests.framework; sourceTree = BUILT_PRODUCTS_DIR; };
		CF52779BDEAEFF54193BA1A1 /* Pods-What's Bumpin'UITests.debug.xcconfig */ = {isa = PBXFileReference; includeInIndex = 1; lastKnownFileType = text.xcconfig; name = "Pods-What's Bumpin'UITests.debug.xcconfig"; path = "Pods/Target Support Files/Pods-What's Bumpin'UITests/Pods-What's Bumpin'UITests.debug.xcconfig"; sourceTree = "<group>"; };
		D0331A301E89D60B004CA5C1 /* FilterView.xib */ = {isa = PBXFileReference; fileEncoding = 4; lastKnownFileType = file.xib; path = FilterView.xib; sourceTree = "<group>"; };
		D0A6CB8C1E513F57001F7964 /* WhatsBumpin.app */ = {isa = PBXFileReference; explicitFileType = wrapper.application; includeInIndex = 0; path = WhatsBumpin.app; sourceTree = BUILT_PRODUCTS_DIR; };
		D0A6CBA81E513F58001F7964 /* WhatsBumpin.xctest */ = {isa = PBXFileReference; explicitFileType = wrapper.cfbundle; includeInIndex = 0; path = WhatsBumpin.xctest; sourceTree = BUILT_PRODUCTS_DIR; };
		D0A6CBAC1E513F58001F7964 /* What_s_Bumpin_Tests.m */ = {isa = PBXFileReference; lastKnownFileType = sourcecode.c.objc; path = What_s_Bumpin_Tests.m; sourceTree = "<group>"; };
		D0A6CBAE1E513F58001F7964 /* Info.plist */ = {isa = PBXFileReference; lastKnownFileType = text.plist.xml; path = Info.plist; sourceTree = "<group>"; };
		D0A6CBB31E513F58001F7964 /* WhatsBumpin.xctest */ = {isa = PBXFileReference; explicitFileType = wrapper.cfbundle; includeInIndex = 0; path = WhatsBumpin.xctest; sourceTree = BUILT_PRODUCTS_DIR; };
		D0A6CBB71E513F58001F7964 /* What_s_Bumpin_UITests.m */ = {isa = PBXFileReference; lastKnownFileType = sourcecode.c.objc; path = What_s_Bumpin_UITests.m; sourceTree = "<group>"; };
		D0A6CBB91E513F58001F7964 /* Info.plist */ = {isa = PBXFileReference; lastKnownFileType = text.plist.xml; path = Info.plist; sourceTree = "<group>"; };
		D0AF02711E80BD3800C54D89 /* LocationGraphViewController.h */ = {isa = PBXFileReference; fileEncoding = 4; lastKnownFileType = sourcecode.c.h; path = LocationGraphViewController.h; sourceTree = "<group>"; };
		D0AF02721E80BD3800C54D89 /* LocationGraphViewController.m */ = {isa = PBXFileReference; fileEncoding = 4; lastKnownFileType = sourcecode.c.objc; path = LocationGraphViewController.m; sourceTree = "<group>"; };
		D0E4C4211E6268B2000960B3 /* Assets.xcassets */ = {isa = PBXFileReference; lastKnownFileType = folder.assetcatalog; path = Assets.xcassets; sourceTree = "<group>"; };
		D0E4C4231E6268B2000960B3 /* Base */ = {isa = PBXFileReference; lastKnownFileType = file.storyboard; name = Base; path = Base.lproj/LaunchScreen.storyboard; sourceTree = "<group>"; };
		D0E4C4271E6268B2000960B3 /* AppDelegate.h */ = {isa = PBXFileReference; fileEncoding = 4; lastKnownFileType = sourcecode.c.h; path = AppDelegate.h; sourceTree = "<group>"; };
		D0E4C4281E6268B2000960B3 /* AppDelegate.m */ = {isa = PBXFileReference; fileEncoding = 4; lastKnownFileType = sourcecode.c.objc; path = AppDelegate.m; sourceTree = "<group>"; };
		D0E4C42A1E6268B2000960B3 /* DesignableButton.swift */ = {isa = PBXFileReference; fileEncoding = 4; lastKnownFileType = sourcecode.swift; path = DesignableButton.swift; sourceTree = "<group>"; };
		D0E4C42B1E6268B2000960B3 /* Spring.swift */ = {isa = PBXFileReference; fileEncoding = 4; lastKnownFileType = sourcecode.swift; path = Spring.swift; sourceTree = "<group>"; };
		D0E4C42C1E6268B2000960B3 /* SpringAnimation.swift */ = {isa = PBXFileReference; fileEncoding = 4; lastKnownFileType = sourcecode.swift; path = SpringAnimation.swift; sourceTree = "<group>"; };
		D0E4C42D1E6268B2000960B3 /* SpringButton.swift */ = {isa = PBXFileReference; fileEncoding = 4; lastKnownFileType = sourcecode.swift; path = SpringButton.swift; sourceTree = "<group>"; };
		D0E4C42E1E6268B2000960B3 /* WYMaterialButton.swift */ = {isa = PBXFileReference; fileEncoding = 4; lastKnownFileType = sourcecode.swift; path = WYMaterialButton.swift; sourceTree = "<group>"; };
		D0E4C4321E6268B2000960B3 /* Bump.h */ = {isa = PBXFileReference; fileEncoding = 4; lastKnownFileType = sourcecode.c.h; path = Bump.h; sourceTree = "<group>"; };
		D0E4C4331E6268B2000960B3 /* Bump.m */ = {isa = PBXFileReference; fileEncoding = 4; lastKnownFileType = sourcecode.c.objc; path = Bump.m; sourceTree = "<group>"; };
		D0E4C4341E6268B2000960B3 /* Location.h */ = {isa = PBXFileReference; fileEncoding = 4; lastKnownFileType = sourcecode.c.h; path = Location.h; sourceTree = "<group>"; };
		D0E4C4351E6268B2000960B3 /* Location.m */ = {isa = PBXFileReference; fileEncoding = 4; lastKnownFileType = sourcecode.c.objc; path = Location.m; sourceTree = "<group>"; };
		D0E4C4361E6268B2000960B3 /* Message.h */ = {isa = PBXFileReference; fileEncoding = 4; lastKnownFileType = sourcecode.c.h; path = Message.h; sourceTree = "<group>"; };
		D0E4C4371E6268B2000960B3 /* Message.m */ = {isa = PBXFileReference; fileEncoding = 4; lastKnownFileType = sourcecode.c.objc; path = Message.m; sourceTree = "<group>"; };
		D0E4C4381E6268B2000960B3 /* MessageBoard.h */ = {isa = PBXFileReference; fileEncoding = 4; lastKnownFileType = sourcecode.c.h; path = MessageBoard.h; sourceTree = "<group>"; };
		D0E4C4391E6268B2000960B3 /* MessageBoard.m */ = {isa = PBXFileReference; fileEncoding = 4; lastKnownFileType = sourcecode.c.objc; path = MessageBoard.m; sourceTree = "<group>"; };
		D0E4C43A1E6268B2000960B3 /* User.h */ = {isa = PBXFileReference; fileEncoding = 4; lastKnownFileType = sourcecode.c.h; path = User.h; sourceTree = "<group>"; };
		D0E4C43B1E6268B2000960B3 /* User.m */ = {isa = PBXFileReference; fileEncoding = 4; lastKnownFileType = sourcecode.c.objc; path = User.m; sourceTree = "<group>"; };
		D0E4C43D1E6268B2000960B3 /* HomeViewController.h */ = {isa = PBXFileReference; fileEncoding = 4; lastKnownFileType = sourcecode.c.h; path = HomeViewController.h; sourceTree = "<group>"; };
		D0E4C43E1E6268B2000960B3 /* HomeViewController.m */ = {isa = PBXFileReference; fileEncoding = 4; lastKnownFileType = sourcecode.c.objc; path = HomeViewController.m; sourceTree = "<group>"; };
		D0E4C43F1E6268B2000960B3 /* LocationInformationViewController.h */ = {isa = PBXFileReference; fileEncoding = 4; lastKnownFileType = sourcecode.c.h; path = LocationInformationViewController.h; sourceTree = "<group>"; };
		D0E4C4401E6268B2000960B3 /* LocationInformationViewController.m */ = {isa = PBXFileReference; fileEncoding = 4; lastKnownFileType = sourcecode.c.objc; path = LocationInformationViewController.m; sourceTree = "<group>"; };
		D0E4C4411E6268B2000960B3 /* MapViewController.h */ = {isa = PBXFileReference; fileEncoding = 4; lastKnownFileType = sourcecode.c.h; path = MapViewController.h; sourceTree = "<group>"; };
		D0E4C4421E6268B2000960B3 /* MapViewController.m */ = {isa = PBXFileReference; fileEncoding = 4; lastKnownFileType = sourcecode.c.objc; path = MapViewController.m; sourceTree = "<group>"; };
		D0E4C4431E6268B2000960B3 /* WBTabViewController.h */ = {isa = PBXFileReference; fileEncoding = 4; lastKnownFileType = sourcecode.c.h; path = WBTabViewController.h; sourceTree = "<group>"; };
		D0E4C4441E6268B2000960B3 /* WBTabViewController.m */ = {isa = PBXFileReference; fileEncoding = 4; lastKnownFileType = sourcecode.c.objc; path = WBTabViewController.m; sourceTree = "<group>"; };
		D0E4C4451E6268B2000960B3 /* Info.plist */ = {isa = PBXFileReference; fileEncoding = 4; lastKnownFileType = text.plist.xml; path = Info.plist; sourceTree = "<group>"; };
		D0E4C4461E6268B2000960B3 /* main.m */ = {isa = PBXFileReference; fileEncoding = 4; lastKnownFileType = sourcecode.c.objc; path = main.m; sourceTree = "<group>"; };
		D0E4C4481E6268B2000960B3 /* Global.storyboard */ = {isa = PBXFileReference; fileEncoding = 4; lastKnownFileType = file.storyboard; path = Global.storyboard; sourceTree = "<group>"; };
		D0E4C4491E6268B2000960B3 /* Me.storyboard */ = {isa = PBXFileReference; fileEncoding = 4; lastKnownFileType = file.storyboard; path = Me.storyboard; sourceTree = "<group>"; };
		D0E4C44A1E6268B2000960B3 /* Tabs.storyboard */ = {isa = PBXFileReference; fileEncoding = 4; lastKnownFileType = file.storyboard; path = Tabs.storyboard; sourceTree = "<group>"; };
		D6C05856A88D9A0D4CDA3E8A /* Pods_WhatsBumpinUITests.framework */ = {isa = PBXFileReference; explicitFileType = wrapper.framework; includeInIndex = 0; path = Pods_WhatsBumpinUITests.framework; sourceTree = BUILT_PRODUCTS_DIR; };
		DED8673A2BE4EB8CA732237B /* Pods-What's Bumpin'.release.xcconfig */ = {isa = PBXFileReference; includeInIndex = 1; lastKnownFileType = text.xcconfig; name = "Pods-What's Bumpin'.release.xcconfig"; path = "Pods/Target Support Files/Pods-What's Bumpin'/Pods-What's Bumpin'.release.xcconfig"; sourceTree = "<group>"; };
		E378B67D81D9683C27AD596F /* Pods-WhatsBumpinTests.debug.xcconfig */ = {isa = PBXFileReference; includeInIndex = 1; lastKnownFileType = text.xcconfig; name = "Pods-WhatsBumpinTests.debug.xcconfig"; path = "Pods/Target Support Files/Pods-WhatsBumpinTests/Pods-WhatsBumpinTests.debug.xcconfig"; sourceTree = "<group>"; };
/* End PBXFileReference section */

/* Begin PBXFrameworksBuildPhase section */
		D0A6CB891E513F57001F7964 /* Frameworks */ = {
			isa = PBXFrameworksBuildPhase;
			buildActionMask = 2147483647;
			files = (
				2B2A68EE97CBE0B30E74BF07 /* Pods_What_s_Bumpin_.framework in Frameworks */,
				D2B4AE99AE652ECEF09FA64A /* Pods_WhatsBumpin.framework in Frameworks */,
			);
			runOnlyForDeploymentPostprocessing = 0;
		};
		D0A6CBA51E513F58001F7964 /* Frameworks */ = {
			isa = PBXFrameworksBuildPhase;
			buildActionMask = 2147483647;
			files = (
				33D8D8F2F765DE5FA5799025 /* Pods_What_s_Bumpin_Tests.framework in Frameworks */,
				A6CC3446DD5C9D9FE1A738B2 /* Pods_WhatsBumpinTests.framework in Frameworks */,
			);
			runOnlyForDeploymentPostprocessing = 0;
		};
		D0A6CBB01E513F58001F7964 /* Frameworks */ = {
			isa = PBXFrameworksBuildPhase;
			buildActionMask = 2147483647;
			files = (
				33CFEEC52835C167E4A6CE68 /* Pods_What_s_Bumpin_UITests.framework in Frameworks */,
				343286D769FD4ABA113B5BBD /* Pods_WhatsBumpinUITests.framework in Frameworks */,
			);
			runOnlyForDeploymentPostprocessing = 0;
		};
/* End PBXFrameworksBuildPhase section */

/* Begin PBXGroup section */
		388849D8E192C50BD62EF100 /* Frameworks */ = {
			isa = PBXGroup;
			children = (
				2F25E83F9814DAE766B91F6C /* Pods_What_s_Bumpin_.framework */,
				C63200AC6E1457C63BFB1DA3 /* Pods_What_s_Bumpin_Tests.framework */,
				48B70C85B7157927B578B7A8 /* Pods_What_s_Bumpin_UITests.framework */,
				A782E94C543F02F6927C66D7 /* Pods_WhatsBumpin.framework */,
				32A421222F8D1DC5F1562418 /* Pods_WhatsBumpinTests.framework */,
				D6C05856A88D9A0D4CDA3E8A /* Pods_WhatsBumpinUITests.framework */,
			);
			name = Frameworks;
			sourceTree = "<group>";
		};
		910D4506C614F3335DC15FF9 /* Pods */ = {
			isa = PBXGroup;
			children = (
				6FA02A785B426B8984E3A2AA /* Pods-What's Bumpin'.debug.xcconfig */,
				DED8673A2BE4EB8CA732237B /* Pods-What's Bumpin'.release.xcconfig */,
				810ADA41F3B5BCF4A2DF8D92 /* Pods-What's Bumpin'Tests.debug.xcconfig */,
				0C6573DE8C6992218AA59030 /* Pods-What's Bumpin'Tests.release.xcconfig */,
				CF52779BDEAEFF54193BA1A1 /* Pods-What's Bumpin'UITests.debug.xcconfig */,
				63E947445C9169C5182E2939 /* Pods-What's Bumpin'UITests.release.xcconfig */,
				7CDCA892B400891CFF45C34A /* Pods-WhatsBumpin.debug.xcconfig */,
				0CB84C7367248F92D6ABB1F2 /* Pods-WhatsBumpin.release.xcconfig */,
				E378B67D81D9683C27AD596F /* Pods-WhatsBumpinTests.debug.xcconfig */,
				9C9AB1A4A00A7627A038F379 /* Pods-WhatsBumpinTests.release.xcconfig */,
				37C3694478A0B7E201593B91 /* Pods-WhatsBumpinUITests.debug.xcconfig */,
				AB83E6147980ADFE363F5921 /* Pods-WhatsBumpinUITests.release.xcconfig */,
			);
			name = Pods;
			sourceTree = "<group>";
		};
		D0331A2F1E89D5DC004CA5C1 /* Views */ = {
			isa = PBXGroup;
			children = (
				D0331A301E89D60B004CA5C1 /* FilterView.xib */,
			);
			path = Views;
			sourceTree = "<group>";
		};
		D05644911E8ECC9900305A57 /* Classes */ = {
			isa = PBXGroup;
			children = (
				D05644921E8ECC9900305A57 /* API */,
				D05644931E8ECC9900305A57 /* App Delegate */,
				D05644941E8ECC9900305A57 /* Cells */,
				D05644951E8ECC9900305A57 /* Constants */,
				D05644961E8ECC9900305A57 /* Data Models */,
				D05644971E8ECC9900305A57 /* View Controllers */,
			);
			path = Classes;
			sourceTree = "<group>";
		};
		D05644921E8ECC9900305A57 /* API */ = {
			isa = PBXGroup;
			children = (
			);
			path = API;
			sourceTree = "<group>";
		};
		D05644931E8ECC9900305A57 /* App Delegate */ = {
			isa = PBXGroup;
			children = (
			);
			path = "App Delegate";
			sourceTree = "<group>";
		};
		D05644941E8ECC9900305A57 /* Cells */ = {
			isa = PBXGroup;
			children = (
			);
			path = Cells;
			sourceTree = "<group>";
		};
		D05644951E8ECC9900305A57 /* Constants */ = {
			isa = PBXGroup;
			children = (
			);
			path = Constants;
			sourceTree = "<group>";
		};
		D05644961E8ECC9900305A57 /* Data Models */ = {
			isa = PBXGroup;
			children = (
			);
			path = "Data Models";
			sourceTree = "<group>";
		};
		D05644971E8ECC9900305A57 /* View Controllers */ = {
			isa = PBXGroup;
			children = (
			);
			path = "View Controllers";
			sourceTree = "<group>";
		};
		D0A6CB831E513F57001F7964 = {
			isa = PBXGroup;
			children = (
				D0E4C4201E6268B2000960B3 /* WhatsBumpin */,
				D0A6CBAB1E513F58001F7964 /* What's Bumpin'Tests */,
				D0A6CBB61E513F58001F7964 /* What's Bumpin'UITests */,
				D0A6CB8D1E513F57001F7964 /* Products */,
				910D4506C614F3335DC15FF9 /* Pods */,
				388849D8E192C50BD62EF100 /* Frameworks */,
			);
			sourceTree = "<group>";
		};
		D0A6CB8D1E513F57001F7964 /* Products */ = {
			isa = PBXGroup;
			children = (
				D0A6CB8C1E513F57001F7964 /* WhatsBumpin.app */,
				D0A6CBA81E513F58001F7964 /* WhatsBumpin.xctest */,
				D0A6CBB31E513F58001F7964 /* WhatsBumpin.xctest */,
			);
			name = Products;
			sourceTree = "<group>";
		};
		D0A6CBAB1E513F58001F7964 /* What's Bumpin'Tests */ = {
			isa = PBXGroup;
			children = (
				D05644911E8ECC9900305A57 /* Classes */,
				D0A6CBAC1E513F58001F7964 /* What_s_Bumpin_Tests.m */,
				D0A6CBAE1E513F58001F7964 /* Info.plist */,
			);
			path = "What's Bumpin'Tests";
			sourceTree = "<group>";
		};
		D0A6CBB61E513F58001F7964 /* What's Bumpin'UITests */ = {
			isa = PBXGroup;
			children = (
				D0A6CBB71E513F58001F7964 /* What_s_Bumpin_UITests.m */,
				D0A6CBB91E513F58001F7964 /* Info.plist */,
			);
			path = "What's Bumpin'UITests";
			sourceTree = "<group>";
		};
		D0E4C4201E6268B2000960B3 /* WhatsBumpin */ = {
			isa = PBXGroup;
			children = (
				D0E4C4211E6268B2000960B3 /* Assets.xcassets */,
				D0E4C4221E6268B2000960B3 /* LaunchScreen.storyboard */,
				D0E4C4241E6268B2000960B3 /* Classes */,
				D0E4C4451E6268B2000960B3 /* Info.plist */,
				D0E4C4461E6268B2000960B3 /* main.m */,
				D0E4C4471E6268B2000960B3 /* User Interface */,
			);
			path = WhatsBumpin;
			sourceTree = "<group>";
		};
		D0E4C4241E6268B2000960B3 /* Classes */ = {
			isa = PBXGroup;
			children = (
				D0E4C4251E6268B2000960B3 /* API */,
				D0E4C4261E6268B2000960B3 /* App Delegate */,
				D0E4C4291E6268B2000960B3 /* Buttons */,
				D0E4C42F1E6268B2000960B3 /* Cells */,
				D0E4C4301E6268B2000960B3 /* Constants */,
				D0E4C4311E6268B2000960B3 /* Data Models */,
				D0E4C43C1E6268B2000960B3 /* View Controllers */,
			);
			path = Classes;
			sourceTree = "<group>";
		};
		D0E4C4251E6268B2000960B3 /* API */ = {
			isa = PBXGroup;
			children = (
			);
			path = API;
			sourceTree = "<group>";
		};
		D0E4C4261E6268B2000960B3 /* App Delegate */ = {
			isa = PBXGroup;
			children = (
				D0E4C4271E6268B2000960B3 /* AppDelegate.h */,
				D0E4C4281E6268B2000960B3 /* AppDelegate.m */,
			);
			path = "App Delegate";
			sourceTree = "<group>";
		};
		D0E4C4291E6268B2000960B3 /* Buttons */ = {
			isa = PBXGroup;
			children = (
				D0E4C42A1E6268B2000960B3 /* DesignableButton.swift */,
				D0E4C42B1E6268B2000960B3 /* Spring.swift */,
				D0E4C42C1E6268B2000960B3 /* SpringAnimation.swift */,
				D0E4C42D1E6268B2000960B3 /* SpringButton.swift */,
				D0E4C42E1E6268B2000960B3 /* WYMaterialButton.swift */,
			);
			path = Buttons;
			sourceTree = "<group>";
		};
		D0E4C42F1E6268B2000960B3 /* Cells */ = {
			isa = PBXGroup;
			children = (
			);
			path = Cells;
			sourceTree = "<group>";
		};
		D0E4C4301E6268B2000960B3 /* Constants */ = {
			isa = PBXGroup;
			children = (
			);
			path = Constants;
			sourceTree = "<group>";
		};
		D0E4C4311E6268B2000960B3 /* Data Models */ = {
			isa = PBXGroup;
			children = (
				D0E4C4321E6268B2000960B3 /* Bump.h */,
				D0E4C4331E6268B2000960B3 /* Bump.m */,
				D0E4C4341E6268B2000960B3 /* Location.h */,
				D0E4C4351E6268B2000960B3 /* Location.m */,
				D0E4C4361E6268B2000960B3 /* Message.h */,
				D0E4C4371E6268B2000960B3 /* Message.m */,
				D0E4C4381E6268B2000960B3 /* MessageBoard.h */,
				D0E4C4391E6268B2000960B3 /* MessageBoard.m */,
				D0E4C43A1E6268B2000960B3 /* User.h */,
				D0E4C43B1E6268B2000960B3 /* User.m */,
			);
			path = "Data Models";
			sourceTree = "<group>";
		};
		D0E4C43C1E6268B2000960B3 /* View Controllers */ = {
			isa = PBXGroup;
			children = (
				D0E4C43D1E6268B2000960B3 /* HomeViewController.h */,
				D0E4C43E1E6268B2000960B3 /* HomeViewController.m */,
				D0E4C43F1E6268B2000960B3 /* LocationInformationViewController.h */,
				D0E4C4401E6268B2000960B3 /* LocationInformationViewController.m */,
				D0E4C4411E6268B2000960B3 /* MapViewController.h */,
				D0E4C4421E6268B2000960B3 /* MapViewController.m */,
				D0AF02711E80BD3800C54D89 /* LocationGraphViewController.h */,
				D0AF02721E80BD3800C54D89 /* LocationGraphViewController.m */,
				D0E4C4431E6268B2000960B3 /* WBTabViewController.h */,
				D0E4C4441E6268B2000960B3 /* WBTabViewController.m */,
			);
			path = "View Controllers";
			sourceTree = "<group>";
		};
		D0E4C4471E6268B2000960B3 /* User Interface */ = {
			isa = PBXGroup;
			children = (
				D0331A2F1E89D5DC004CA5C1 /* Views */,
				D0E4C4481E6268B2000960B3 /* Global.storyboard */,
				D0E4C4491E6268B2000960B3 /* Me.storyboard */,
				D0E4C44A1E6268B2000960B3 /* Tabs.storyboard */,
			);
			path = "User Interface";
			sourceTree = "<group>";
		};
/* End PBXGroup section */

/* Begin PBXNativeTarget section */
		D0A6CB8B1E513F57001F7964 /* WhatsBumpin */ = {
			isa = PBXNativeTarget;
			buildConfigurationList = D0A6CBBC1E513F58001F7964 /* Build configuration list for PBXNativeTarget "WhatsBumpin" */;
			buildPhases = (
				1C4036EF19CFA7259004372B /* [CP] Check Pods Manifest.lock */,
				D0A6CB881E513F57001F7964 /* Sources */,
				D0A6CB891E513F57001F7964 /* Frameworks */,
				D0A6CB8A1E513F57001F7964 /* Resources */,
				9511EBA1BE9904231192F336 /* [CP] Embed Pods Frameworks */,
				504F4C285AFAA68A08A7B98D /* [CP] Copy Pods Resources */,
			);
			buildRules = (
			);
			dependencies = (
			);
			name = WhatsBumpin;
			productName = "What's Bumpin'";
			productReference = D0A6CB8C1E513F57001F7964 /* WhatsBumpin.app */;
			productType = "com.apple.product-type.application";
		};
		D0A6CBA71E513F58001F7964 /* WhatsBumpinTests */ = {
			isa = PBXNativeTarget;
			buildConfigurationList = D0A6CBBF1E513F58001F7964 /* Build configuration list for PBXNativeTarget "WhatsBumpinTests" */;
			buildPhases = (
				D406B8F2D7D89E4C82F8FD9E /* [CP] Check Pods Manifest.lock */,
				D0A6CBA41E513F58001F7964 /* Sources */,
				D0A6CBA51E513F58001F7964 /* Frameworks */,
				D0A6CBA61E513F58001F7964 /* Resources */,
				2B32C9F58559BC057EE3FB06 /* [CP] Embed Pods Frameworks */,
				254CC028C4737EEFD8374DD9 /* [CP] Copy Pods Resources */,
			);
			buildRules = (
			);
			dependencies = (
				D0A6CBAA1E513F58001F7964 /* PBXTargetDependency */,
			);
			name = WhatsBumpinTests;
			productName = "What's Bumpin'Tests";
			productReference = D0A6CBA81E513F58001F7964 /* WhatsBumpin.xctest */;
			productType = "com.apple.product-type.bundle.unit-test";
		};
		D0A6CBB21E513F58001F7964 /* WhatsBumpinUITests */ = {
			isa = PBXNativeTarget;
			buildConfigurationList = D0A6CBC21E513F58001F7964 /* Build configuration list for PBXNativeTarget "WhatsBumpinUITests" */;
			buildPhases = (
				0C12FE78079BA26D066E7602 /* [CP] Check Pods Manifest.lock */,
				D0A6CBAF1E513F58001F7964 /* Sources */,
				D0A6CBB01E513F58001F7964 /* Frameworks */,
				D0A6CBB11E513F58001F7964 /* Resources */,
				4976A605915157C58ADC5988 /* [CP] Embed Pods Frameworks */,
				B8686E2A8B19AA89F9DEAA02 /* [CP] Copy Pods Resources */,
			);
			buildRules = (
			);
			dependencies = (
				D0A6CBB51E513F58001F7964 /* PBXTargetDependency */,
			);
			name = WhatsBumpinUITests;
			productName = "What's Bumpin'UITests";
			productReference = D0A6CBB31E513F58001F7964 /* WhatsBumpin.xctest */;
			productType = "com.apple.product-type.bundle.ui-testing";
		};
/* End PBXNativeTarget section */

/* Begin PBXProject section */
		D0A6CB841E513F57001F7964 /* Project object */ = {
			isa = PBXProject;
			attributes = {
				LastUpgradeCheck = 0730;
				ORGANIZATIONNAME = "Bump Inc.";
				TargetAttributes = {
					D0A6CB8B1E513F57001F7964 = {
						CreatedOnToolsVersion = 7.3.1;
						DevelopmentTeam = C5ARGCT28E;
					};
					D0A6CBA71E513F58001F7964 = {
						CreatedOnToolsVersion = 7.3.1;
						TestTargetID = D0A6CB8B1E513F57001F7964;
					};
					D0A6CBB21E513F58001F7964 = {
						CreatedOnToolsVersion = 7.3.1;
						TestTargetID = D0A6CB8B1E513F57001F7964;
					};
				};
			};
			buildConfigurationList = D0A6CB871E513F57001F7964 /* Build configuration list for PBXProject "WhatsBumpin" */;
			compatibilityVersion = "Xcode 3.2";
			developmentRegion = English;
			hasScannedForEncodings = 0;
			knownRegions = (
				en,
				Base,
			);
			mainGroup = D0A6CB831E513F57001F7964;
			productRefGroup = D0A6CB8D1E513F57001F7964 /* Products */;
			projectDirPath = "";
			projectRoot = "";
			targets = (
				D0A6CB8B1E513F57001F7964 /* WhatsBumpin */,
				D0A6CBA71E513F58001F7964 /* WhatsBumpinTests */,
				D0A6CBB21E513F58001F7964 /* WhatsBumpinUITests */,
			);
		};
/* End PBXProject section */

/* Begin PBXResourcesBuildPhase section */
		D0A6CB8A1E513F57001F7964 /* Resources */ = {
			isa = PBXResourcesBuildPhase;
			buildActionMask = 2147483647;
			files = (
				D0E4C44B1E6268B2000960B3 /* Assets.xcassets in Resources */,
				D0E4C45E1E6268B2000960B3 /* Global.storyboard in Resources */,
				D0E4C45F1E6268B2000960B3 /* Me.storyboard in Resources */,
				D0331A311E89D60B004CA5C1 /* FilterView.xib in Resources */,
				D0E4C44C1E6268B2000960B3 /* LaunchScreen.storyboard in Resources */,
				D0E4C4601E6268B2000960B3 /* Tabs.storyboard in Resources */,
				D0E4C45C1E6268B2000960B3 /* Info.plist in Resources */,
			);
			runOnlyForDeploymentPostprocessing = 0;
		};
		D0A6CBA61E513F58001F7964 /* Resources */ = {
			isa = PBXResourcesBuildPhase;
			buildActionMask = 2147483647;
			files = (
			);
			runOnlyForDeploymentPostprocessing = 0;
		};
		D0A6CBB11E513F58001F7964 /* Resources */ = {
			isa = PBXResourcesBuildPhase;
			buildActionMask = 2147483647;
			files = (
			);
			runOnlyForDeploymentPostprocessing = 0;
		};
/* End PBXResourcesBuildPhase section */

/* Begin PBXShellScriptBuildPhase section */
		0C12FE78079BA26D066E7602 /* [CP] Check Pods Manifest.lock */ = {
			isa = PBXShellScriptBuildPhase;
			buildActionMask = 2147483647;
			files = (
			);
			inputPaths = (
			);
			name = "[CP] Check Pods Manifest.lock";
			outputPaths = (
			);
			runOnlyForDeploymentPostprocessing = 0;
			shellPath = /bin/sh;
			shellScript = "diff \"${PODS_ROOT}/../Podfile.lock\" \"${PODS_ROOT}/Manifest.lock\" > /dev/null\nif [ $? != 0 ] ; then\n    # print error to STDERR\n    echo \"error: The sandbox is not in sync with the Podfile.lock. Run 'pod install' or update your CocoaPods installation.\" >&2\n    exit 1\nfi\n";
			showEnvVarsInLog = 0;
		};
		1C4036EF19CFA7259004372B /* [CP] Check Pods Manifest.lock */ = {
			isa = PBXShellScriptBuildPhase;
			buildActionMask = 2147483647;
			files = (
			);
			inputPaths = (
			);
			name = "[CP] Check Pods Manifest.lock";
			outputPaths = (
			);
			runOnlyForDeploymentPostprocessing = 0;
			shellPath = /bin/sh;
			shellScript = "diff \"${PODS_ROOT}/../Podfile.lock\" \"${PODS_ROOT}/Manifest.lock\" > /dev/null\nif [ $? != 0 ] ; then\n    # print error to STDERR\n    echo \"error: The sandbox is not in sync with the Podfile.lock. Run 'pod install' or update your CocoaPods installation.\" >&2\n    exit 1\nfi\n";
			showEnvVarsInLog = 0;
		};
		254CC028C4737EEFD8374DD9 /* [CP] Copy Pods Resources */ = {
			isa = PBXShellScriptBuildPhase;
			buildActionMask = 2147483647;
			files = (
			);
			inputPaths = (
			);
			name = "[CP] Copy Pods Resources";
			outputPaths = (
			);
			runOnlyForDeploymentPostprocessing = 0;
			shellPath = /bin/sh;
			shellScript = "\"${SRCROOT}/Pods/Target Support Files/Pods-WhatsBumpinTests/Pods-WhatsBumpinTests-resources.sh\"\n";
			showEnvVarsInLog = 0;
		};
		2B32C9F58559BC057EE3FB06 /* [CP] Embed Pods Frameworks */ = {
			isa = PBXShellScriptBuildPhase;
			buildActionMask = 2147483647;
			files = (
			);
			inputPaths = (
			);
			name = "[CP] Embed Pods Frameworks";
			outputPaths = (
			);
			runOnlyForDeploymentPostprocessing = 0;
			shellPath = /bin/sh;
			shellScript = "\"${SRCROOT}/Pods/Target Support Files/Pods-WhatsBumpinTests/Pods-WhatsBumpinTests-frameworks.sh\"\n";
			showEnvVarsInLog = 0;
		};
		4976A605915157C58ADC5988 /* [CP] Embed Pods Frameworks */ = {
			isa = PBXShellScriptBuildPhase;
			buildActionMask = 2147483647;
			files = (
			);
			inputPaths = (
			);
			name = "[CP] Embed Pods Frameworks";
			outputPaths = (
			);
			runOnlyForDeploymentPostprocessing = 0;
			shellPath = /bin/sh;
			shellScript = "\"${SRCROOT}/Pods/Target Support Files/Pods-WhatsBumpinUITests/Pods-WhatsBumpinUITests-frameworks.sh\"\n";
			showEnvVarsInLog = 0;
		};
		504F4C285AFAA68A08A7B98D /* [CP] Copy Pods Resources */ = {
			isa = PBXShellScriptBuildPhase;
			buildActionMask = 2147483647;
			files = (
			);
			inputPaths = (
			);
			name = "[CP] Copy Pods Resources";
			outputPaths = (
			);
			runOnlyForDeploymentPostprocessing = 0;
			shellPath = /bin/sh;
			shellScript = "\"${SRCROOT}/Pods/Target Support Files/Pods-WhatsBumpin/Pods-WhatsBumpin-resources.sh\"\n";
			showEnvVarsInLog = 0;
		};
		9511EBA1BE9904231192F336 /* [CP] Embed Pods Frameworks */ = {
			isa = PBXShellScriptBuildPhase;
			buildActionMask = 2147483647;
			files = (
			);
			inputPaths = (
			);
			name = "[CP] Embed Pods Frameworks";
			outputPaths = (
			);
			runOnlyForDeploymentPostprocessing = 0;
			shellPath = /bin/sh;
			shellScript = "\"${SRCROOT}/Pods/Target Support Files/Pods-WhatsBumpin/Pods-WhatsBumpin-frameworks.sh\"\n";
			showEnvVarsInLog = 0;
		};
		B8686E2A8B19AA89F9DEAA02 /* [CP] Copy Pods Resources */ = {
			isa = PBXShellScriptBuildPhase;
			buildActionMask = 2147483647;
			files = (
			);
			inputPaths = (
			);
			name = "[CP] Copy Pods Resources";
			outputPaths = (
			);
			runOnlyForDeploymentPostprocessing = 0;
			shellPath = /bin/sh;
			shellScript = "\"${SRCROOT}/Pods/Target Support Files/Pods-WhatsBumpinUITests/Pods-WhatsBumpinUITests-resources.sh\"\n";
			showEnvVarsInLog = 0;
		};
		D406B8F2D7D89E4C82F8FD9E /* [CP] Check Pods Manifest.lock */ = {
			isa = PBXShellScriptBuildPhase;
			buildActionMask = 2147483647;
			files = (
			);
			inputPaths = (
			);
			name = "[CP] Check Pods Manifest.lock";
			outputPaths = (
			);
			runOnlyForDeploymentPostprocessing = 0;
			shellPath = /bin/sh;
			shellScript = "diff \"${PODS_ROOT}/../Podfile.lock\" \"${PODS_ROOT}/Manifest.lock\" > /dev/null\nif [ $? != 0 ] ; then\n    # print error to STDERR\n    echo \"error: The sandbox is not in sync with the Podfile.lock. Run 'pod install' or update your CocoaPods installation.\" >&2\n    exit 1\nfi\n";
			showEnvVarsInLog = 0;
		};
/* End PBXShellScriptBuildPhase section */

/* Begin PBXSourcesBuildPhase section */
		D0A6CB881E513F57001F7964 /* Sources */ = {
			isa = PBXSourcesBuildPhase;
			buildActionMask = 2147483647;
			files = (
				D0E4C4521E6268B2000960B3 /* WYMaterialButton.swift in Sources */,
				D0E4C44D1E6268B2000960B3 /* AppDelegate.m in Sources */,
				D0E4C44E1E6268B2000960B3 /* DesignableButton.swift in Sources */,
				D0E4C4531E6268B2000960B3 /* Bump.m in Sources */,
				D0E4C4591E6268B2000960B3 /* LocationInformationViewController.m in Sources */,
				D0E4C44F1E6268B2000960B3 /* Spring.swift in Sources */,
				D0E4C45D1E6268B2000960B3 /* main.m in Sources */,
				D0E4C4511E6268B2000960B3 /* SpringButton.swift in Sources */,
				D0E4C4571E6268B2000960B3 /* User.m in Sources */,
				D0E4C4541E6268B2000960B3 /* Location.m in Sources */,
				D0E4C4551E6268B2000960B3 /* Message.m in Sources */,
				D0E4C4561E6268B2000960B3 /* MessageBoard.m in Sources */,
				D0AF02731E80BD3800C54D89 /* LocationGraphViewController.m in Sources */,
				D0E4C4501E6268B2000960B3 /* SpringAnimation.swift in Sources */,
				D0E4C4581E6268B2000960B3 /* HomeViewController.m in Sources */,
				D0E4C45B1E6268B2000960B3 /* WBTabViewController.m in Sources */,
				D0E4C45A1E6268B2000960B3 /* MapViewController.m in Sources */,
			);
			runOnlyForDeploymentPostprocessing = 0;
		};
		D0A6CBA41E513F58001F7964 /* Sources */ = {
			isa = PBXSourcesBuildPhase;
			buildActionMask = 2147483647;
			files = (
				D0A6CBAD1E513F58001F7964 /* What_s_Bumpin_Tests.m in Sources */,
			);
			runOnlyForDeploymentPostprocessing = 0;
		};
		D0A6CBAF1E513F58001F7964 /* Sources */ = {
			isa = PBXSourcesBuildPhase;
			buildActionMask = 2147483647;
			files = (
				D0A6CBB81E513F58001F7964 /* What_s_Bumpin_UITests.m in Sources */,
			);
			runOnlyForDeploymentPostprocessing = 0;
		};
/* End PBXSourcesBuildPhase section */

/* Begin PBXTargetDependency section */
		D0A6CBAA1E513F58001F7964 /* PBXTargetDependency */ = {
			isa = PBXTargetDependency;
			target = D0A6CB8B1E513F57001F7964 /* WhatsBumpin */;
			targetProxy = D0A6CBA91E513F58001F7964 /* PBXContainerItemProxy */;
		};
		D0A6CBB51E513F58001F7964 /* PBXTargetDependency */ = {
			isa = PBXTargetDependency;
			target = D0A6CB8B1E513F57001F7964 /* WhatsBumpin */;
			targetProxy = D0A6CBB41E513F58001F7964 /* PBXContainerItemProxy */;
		};
/* End PBXTargetDependency section */

/* Begin PBXVariantGroup section */
		D0E4C4221E6268B2000960B3 /* LaunchScreen.storyboard */ = {
			isa = PBXVariantGroup;
			children = (
				D0E4C4231E6268B2000960B3 /* Base */,
			);
			name = LaunchScreen.storyboard;
			sourceTree = "<group>";
		};
/* End PBXVariantGroup section */

/* Begin XCBuildConfiguration section */
		D0A6CBBA1E513F58001F7964 /* Debug */ = {
			isa = XCBuildConfiguration;
			buildSettings = {
				ALWAYS_SEARCH_USER_PATHS = NO;
				CLANG_ANALYZER_NONNULL = YES;
				CLANG_CXX_LANGUAGE_STANDARD = "gnu++0x";
				CLANG_CXX_LIBRARY = "libc++";
				CLANG_ENABLE_MODULES = YES;
				CLANG_ENABLE_OBJC_ARC = YES;
				CLANG_WARN_BOOL_CONVERSION = YES;
				CLANG_WARN_CONSTANT_CONVERSION = YES;
				CLANG_WARN_DIRECT_OBJC_ISA_USAGE = YES_ERROR;
				CLANG_WARN_EMPTY_BODY = YES;
				CLANG_WARN_ENUM_CONVERSION = YES;
				CLANG_WARN_INT_CONVERSION = YES;
				CLANG_WARN_OBJC_ROOT_CLASS = YES_ERROR;
				CLANG_WARN_UNREACHABLE_CODE = YES;
				CLANG_WARN__DUPLICATE_METHOD_MATCH = YES;
				"CODE_SIGN_IDENTITY[sdk=iphoneos*]" = "iPhone Developer";
				COPY_PHASE_STRIP = NO;
				DEBUG_INFORMATION_FORMAT = dwarf;
				ENABLE_STRICT_OBJC_MSGSEND = YES;
				ENABLE_TESTABILITY = YES;
				GCC_C_LANGUAGE_STANDARD = gnu99;
				GCC_DYNAMIC_NO_PIC = NO;
				GCC_NO_COMMON_BLOCKS = YES;
				GCC_OPTIMIZATION_LEVEL = 0;
				GCC_PREPROCESSOR_DEFINITIONS = (
					"DEBUG=1",
					"$(inherited)",
				);
				GCC_WARN_64_TO_32_BIT_CONVERSION = YES;
				GCC_WARN_ABOUT_RETURN_TYPE = YES_ERROR;
				GCC_WARN_UNDECLARED_SELECTOR = YES;
				GCC_WARN_UNINITIALIZED_AUTOS = YES_AGGRESSIVE;
				GCC_WARN_UNUSED_FUNCTION = YES;
				GCC_WARN_UNUSED_VARIABLE = YES;
				INFOPLIST_FILE = "";
				IPHONEOS_DEPLOYMENT_TARGET = 9.3;
				MTL_ENABLE_DEBUG_INFO = YES;
				ONLY_ACTIVE_ARCH = YES;
				SDKROOT = iphoneos;
			};
			name = Debug;
		};
		D0A6CBBB1E513F58001F7964 /* Release */ = {
			isa = XCBuildConfiguration;
			buildSettings = {
				ALWAYS_SEARCH_USER_PATHS = NO;
				CLANG_ANALYZER_NONNULL = YES;
				CLANG_CXX_LANGUAGE_STANDARD = "gnu++0x";
				CLANG_CXX_LIBRARY = "libc++";
				CLANG_ENABLE_MODULES = YES;
				CLANG_ENABLE_OBJC_ARC = YES;
				CLANG_WARN_BOOL_CONVERSION = YES;
				CLANG_WARN_CONSTANT_CONVERSION = YES;
				CLANG_WARN_DIRECT_OBJC_ISA_USAGE = YES_ERROR;
				CLANG_WARN_EMPTY_BODY = YES;
				CLANG_WARN_ENUM_CONVERSION = YES;
				CLANG_WARN_INT_CONVERSION = YES;
				CLANG_WARN_OBJC_ROOT_CLASS = YES_ERROR;
				CLANG_WARN_UNREACHABLE_CODE = YES;
				CLANG_WARN__DUPLICATE_METHOD_MATCH = YES;
				"CODE_SIGN_IDENTITY[sdk=iphoneos*]" = "iPhone Developer";
				COPY_PHASE_STRIP = NO;
				DEBUG_INFORMATION_FORMAT = "dwarf-with-dsym";
				ENABLE_NS_ASSERTIONS = NO;
				ENABLE_STRICT_OBJC_MSGSEND = YES;
				GCC_C_LANGUAGE_STANDARD = gnu99;
				GCC_NO_COMMON_BLOCKS = YES;
				GCC_WARN_64_TO_32_BIT_CONVERSION = YES;
				GCC_WARN_ABOUT_RETURN_TYPE = YES_ERROR;
				GCC_WARN_UNDECLARED_SELECTOR = YES;
				GCC_WARN_UNINITIALIZED_AUTOS = YES_AGGRESSIVE;
				GCC_WARN_UNUSED_FUNCTION = YES;
				GCC_WARN_UNUSED_VARIABLE = YES;
				INFOPLIST_FILE = "";
				IPHONEOS_DEPLOYMENT_TARGET = 9.3;
				MTL_ENABLE_DEBUG_INFO = NO;
				SDKROOT = iphoneos;
				VALIDATE_PRODUCT = YES;
			};
			name = Release;
		};
		D0A6CBBD1E513F58001F7964 /* Debug */ = {
			isa = XCBuildConfiguration;
			baseConfigurationReference = 7CDCA892B400891CFF45C34A /* Pods-WhatsBumpin.debug.xcconfig */;
			buildSettings = {
				ASSETCATALOG_COMPILER_APPICON_NAME = AppIcon;
				CODE_SIGN_IDENTITY = "iPhone Developer";
				INFOPLIST_FILE = WhatsBumpin/Info.plist;
				LD_RUNPATH_SEARCH_PATHS = "$(inherited) @executable_path/Frameworks";
				PRODUCT_BUNDLE_IDENTIFIER = "com.Bump.What-s-Bumpin-";
				PRODUCT_NAME = WhatsBumpin;
			};
			name = Debug;
		};
		D0A6CBBE1E513F58001F7964 /* Release */ = {
			isa = XCBuildConfiguration;
			baseConfigurationReference = 0CB84C7367248F92D6ABB1F2 /* Pods-WhatsBumpin.release.xcconfig */;
			buildSettings = {
				ASSETCATALOG_COMPILER_APPICON_NAME = AppIcon;
				CODE_SIGN_IDENTITY = "iPhone Developer";
				INFOPLIST_FILE = WhatsBumpin/Info.plist;
				LD_RUNPATH_SEARCH_PATHS = "$(inherited) @executable_path/Frameworks";
				PRODUCT_BUNDLE_IDENTIFIER = "com.Bump.What-s-Bumpin-";
				PRODUCT_NAME = WhatsBumpin;
			};
			name = Release;
		};
		D0A6CBC01E513F58001F7964 /* Debug */ = {
			isa = XCBuildConfiguration;
			baseConfigurationReference = E378B67D81D9683C27AD596F /* Pods-WhatsBumpinTests.debug.xcconfig */;
			buildSettings = {
				BUNDLE_LOADER = "$(TEST_HOST)";
				INFOPLIST_FILE = "What's Bumpin'Tests/Info.plist";
				LD_RUNPATH_SEARCH_PATHS = "$(inherited) @executable_path/Frameworks @loader_path/Frameworks";
				PRODUCT_BUNDLE_IDENTIFIER = "com.Bump.What-s-Bumpin-Tests";
				PRODUCT_NAME = WhatsBumpin;
				TEST_HOST = "$(BUILT_PRODUCTS_DIR)/WhatsBumpin.app/WhatsBumpin";
			};
			name = Debug;
		};
		D0A6CBC11E513F58001F7964 /* Release */ = {
			isa = XCBuildConfiguration;
			baseConfigurationReference = 9C9AB1A4A00A7627A038F379 /* Pods-WhatsBumpinTests.release.xcconfig */;
			buildSettings = {
				BUNDLE_LOADER = "$(TEST_HOST)";
				INFOPLIST_FILE = "What's Bumpin'Tests/Info.plist";
				LD_RUNPATH_SEARCH_PATHS = "$(inherited) @executable_path/Frameworks @loader_path/Frameworks";
				PRODUCT_BUNDLE_IDENTIFIER = "com.Bump.What-s-Bumpin-Tests";
				PRODUCT_NAME = WhatsBumpin;
				TEST_HOST = "$(BUILT_PRODUCTS_DIR)/WhatsBumpin.app/WhatsBumpin";
			};
			name = Release;
		};
		D0A6CBC31E513F58001F7964 /* Debug */ = {
			isa = XCBuildConfiguration;
			baseConfigurationReference = 37C3694478A0B7E201593B91 /* Pods-WhatsBumpinUITests.debug.xcconfig */;
			buildSettings = {
				INFOPLIST_FILE = "What's Bumpin'UITests/Info.plist";
				LD_RUNPATH_SEARCH_PATHS = "$(inherited) @executable_path/Frameworks @loader_path/Frameworks";
				PRODUCT_BUNDLE_IDENTIFIER = "com.Bump.What-s-Bumpin-UITests";
				PRODUCT_NAME = WhatsBumpin;
				TEST_TARGET_NAME = "What's Bumpin'";
			};
			name = Debug;
		};
		D0A6CBC41E513F58001F7964 /* Release */ = {
			isa = XCBuildConfiguration;
			baseConfigurationReference = AB83E6147980ADFE363F5921 /* Pods-WhatsBumpinUITests.release.xcconfig */;
			buildSettings = {
				INFOPLIST_FILE = "What's Bumpin'UITests/Info.plist";
				LD_RUNPATH_SEARCH_PATHS = "$(inherited) @executable_path/Frameworks @loader_path/Frameworks";
				PRODUCT_BUNDLE_IDENTIFIER = "com.Bump.What-s-Bumpin-UITests";
				PRODUCT_NAME = WhatsBumpin;
				TEST_TARGET_NAME = "What's Bumpin'";
			};
			name = Release;
		};
/* End XCBuildConfiguration section */

/* Begin XCConfigurationList section */
		D0A6CB871E513F57001F7964 /* Build configuration list for PBXProject "WhatsBumpin" */ = {
			isa = XCConfigurationList;
			buildConfigurations = (
				D0A6CBBA1E513F58001F7964 /* Debug */,
				D0A6CBBB1E513F58001F7964 /* Release */,
			);
			defaultConfigurationIsVisible = 0;
			defaultConfigurationName = Release;
		};
		D0A6CBBC1E513F58001F7964 /* Build configuration list for PBXNativeTarget "WhatsBumpin" */ = {
			isa = XCConfigurationList;
			buildConfigurations = (
				D0A6CBBD1E513F58001F7964 /* Debug */,
				D0A6CBBE1E513F58001F7964 /* Release */,
			);
			defaultConfigurationIsVisible = 0;
			defaultConfigurationName = Release;
		};
		D0A6CBBF1E513F58001F7964 /* Build configuration list for PBXNativeTarget "WhatsBumpinTests" */ = {
			isa = XCConfigurationList;
			buildConfigurations = (
				D0A6CBC01E513F58001F7964 /* Debug */,
				D0A6CBC11E513F58001F7964 /* Release */,
			);
			defaultConfigurationIsVisible = 0;
			defaultConfigurationName = Release;
		};
		D0A6CBC21E513F58001F7964 /* Build configuration list for PBXNativeTarget "WhatsBumpinUITests" */ = {
			isa = XCConfigurationList;
			buildConfigurations = (
				D0A6CBC31E513F58001F7964 /* Debug */,
				D0A6CBC41E513F58001F7964 /* Release */,
			);
			defaultConfigurationIsVisible = 0;
			defaultConfigurationName = Release;
		};
/* End XCConfigurationList section */
	};
	rootObject = D0A6CB841E513F57001F7964 /* Project object */;
}
